Microsoft Visual Studio Solution File, Format Version 12.00
# Visual Studio Version 17
VisualStudioVersion = 17.5.2.0
MinimumVisualStudioVersion = 10.0.40219.1
Project("{FAE04EC0-301F-11D3-BF4B-00C04F79EFBC}") = "Biblioteca", "Biblioteca.csproj", "{B5089620-AE29-9280-F791-CEEB18E3F943}"
EndProject
Project("{FAE04EC0-301F-11D3-BF4B-00C04F79EFBC}") = "Biblioteca.Domain", "Biblioteca.Domain\Biblioteca.Domain.csproj", "{5E98EF59-79EF-4AA9-8A45-4CA1B04CE024}"
EndProject
Project("{FAE04EC0-301F-11D3-BF4B-00C04F79EFBC}") = "Biblioteca.Application", "Biblioteca.Application\Biblioteca.Application.csproj", "{E59E875D-9BEE-4A7A-8838-C903E14B9D3C}"
EndProject
Project("{FAE04EC0-301F-11D3-BF4B-00C04F79EFBC}") = "Biblioteca.Infraestructure", "Biblioteca.Infraestructure\Biblioteca.Infraestructure.csproj", "{F04ADF81-AF94-4604-9D82-2FBB0B6930ED}"
EndProject
Project("{FAE04EC0-301F-11D3-BF4B-00C04F79EFBC}") = "Biblioteca.UI", "Biblioteca.UI\Biblioteca.UI.csproj", "{9F0840E9-0CC5-4294-9402-20FE884B9DFF}"
EndProject
Global
	GlobalSection(SolutionConfigurationPlatforms) = preSolution
		Debug|Any CPU = Debug|Any CPU
		Release|Any CPU = Release|Any CPU
	EndGlobalSection
	GlobalSection(ProjectConfigurationPlatforms) = postSolution
		{B5089620-AE29-9280-F791-CEEB18E3F943}.Debug|Any CPU.ActiveCfg = Debug|Any CPU
		{B5089620-AE29-9280-F791-CEEB18E3F943}.Debug|Any CPU.Build.0 = Debug|Any CPU
		{B5089620-AE29-9280-F791-CEEB18E3F943}.Release|Any CPU.ActiveCfg = Release|Any CPU
		{B5089620-AE29-9280-F791-CEEB18E3F943}.Release|Any CPU.Build.0 = Release|Any CPU
		{5E98EF59-79EF-4AA9-8A45-4CA1B04CE024}.Debug|Any CPU.ActiveCfg = Debug|Any CPU
		{5E98EF59-79EF-4AA9-8A45-4CA1B04CE024}.Debug|Any CPU.Build.0 = Debug|Any CPU
		{5E98EF59-79EF-4AA9-8A45-4CA1B04CE024}.Release|Any CPU.ActiveCfg = Release|Any CPU
		{5E98EF59-79EF-4AA9-8A45-4CA1B04CE024}.Release|Any CPU.Build.0 = Release|Any CPU
		{E59E875D-9BEE-4A7A-8838-C903E14B9D3C}.Debug|Any CPU.ActiveCfg = Debug|Any CPU
		{E59E875D-9BEE-4A7A-8838-C903E14B9D3C}.Debug|Any CPU.Build.0 = Debug|Any CPU
		{E59E875D-9BEE-4A7A-8838-C903E14B9D3C}.Release|Any CPU.ActiveCfg = Release|Any CPU
		{E59E875D-9BEE-4A7A-8838-C903E14B9D3C}.Release|Any CPU.Build.0 = Release|Any CPU
		{F04ADF81-AF94-4604-9D82-2FBB0B6930ED}.Debug|Any CPU.ActiveCfg = Debug|Any CPU
		{F04ADF81-AF94-4604-9D82-2FBB0B6930ED}.Debug|Any CPU.Build.0 = Debug|Any CPU
		{F04ADF81-AF94-4604-9D82-2FBB0B6930ED}.Release|Any CPU.ActiveCfg = Release|Any CPU
		{F04ADF81-AF94-4604-9D82-2FBB0B6930ED}.Release|Any CPU.Build.0 = Release|Any CPU
		{9F0840E9-0CC5-4294-9402-20FE884B9DFF}.Debug|Any CPU.ActiveCfg = Debug|Any CPU
		{9F0840E9-0CC5-4294-9402-20FE884B9DFF}.Debug|Any CPU.Build.0 = Debug|Any CPU
		{9F0840E9-0CC5-4294-9402-20FE884B9DFF}.Release|Any CPU.ActiveCfg = Release|Any CPU
		{9F0840E9-0CC5-4294-9402-20FE884B9DFF}.Release|Any CPU.Build.0 = Release|Any CPU
	EndGlobalSection
	GlobalSection(SolutionProperties) = preSolution
		HideSolutionNode = FALSE
	EndGlobalSection
	GlobalSection(ExtensibilityGlobals) = postSolution
		SolutionGuid = {4D7AF957-7116-43B1-A2D0-752B9729BD02}
	EndGlobalSection
EndGlobal
